
Microsoft Visual Studio Solution File, Format Version 12.00
# Visual Studio Version 16
VisualStudioVersion = 16.0.30413.136
MinimumVisualStudioVersion = 10.0.40219.1
Project("{FAE04EC0-301F-11D3-BF4B-00C04F79EFBC}") = "BowieD.Unturned.IDTableGenerator", "BowieD.Unturned.IDTableGenerator.csproj", "{B2D646F0-D1B9-4CDA-BAFF-FB41E5E66394}"
EndProject
Global
	GlobalSection(SolutionConfigurationPlatforms) = preSolution
		Debug|Any CPU = Debug|Any CPU
		Release|Any CPU = Release|Any CPU
	EndGlobalSection
	GlobalSection(ProjectConfigurationPlatforms) = postSolution
		{B2D646F0-D1B9-4CDA-BAFF-FB41E5E66394}.Debug|Any CPU.ActiveCfg = Debug|Any CPU
		{B2D646F0-D1B9-4CDA-BAFF-FB41E5E66394}.Debug|Any CPU.Build.0 = Debug|Any CPU
		{B2D646F0-D1B9-4CDA-BAFF-FB41E5E66394}.Release|Any CPU.ActiveCfg = Release|Any CPU
		{B2D646F0-D1B9-4CDA-BAFF-FB41E5E66394}.Release|Any CPU.Build.0 = Release|Any CPU
	EndGlobalSection
	GlobalSection(SolutionProperties) = preSolution
		HideSolutionNode = FALSE
	EndGlobalSection
	GlobalSection(ExtensibilityGlobals) = postSolution
		SolutionGuid = {C8655715-E53A-49B2-A131-75AC027809B8}
	EndGlobalSection
EndGlobal
